// !$*UTF8*$!
{
	archiveVersion = 1;
	classes = {
	};
	objectVersion = 50;
	objects = {

/* Begin PBXBuildFile section */
		D53378DD21D221D40024D6FE /* WeatherForCitiesTableViewController.m in Sources */ = {isa = PBXBuildFile; fileRef = D53378DC21D221D40024D6FE /* WeatherForCitiesTableViewController.m */; };
		D533791A21D22DA80024D6FE /* LoadingDataFromServer.m in Sources */ = {isa = PBXBuildFile; fileRef = D533791921D22DA80024D6FE /* LoadingDataFromServer.m */; };
		D533795021D25F760024D6FE /* WeatherForecastModel.m in Sources */ = {isa = PBXBuildFile; fileRef = D533794F21D25F760024D6FE /* WeatherForecastModel.m */; };
		D580D82F21D6074700109352 /* WeatherCollectionViewCell.m in Sources */ = {isa = PBXBuildFile; fileRef = D580D82E21D6074700109352 /* WeatherCollectionViewCell.m */; };
		D580D83821D631A100109352 /* WeatherTableViewCell.m in Sources */ = {isa = PBXBuildFile; fileRef = D580D83721D631A100109352 /* WeatherTableViewCell.m */; };
		D5B6A06521D7A81E007800F5 /* Section.m in Sources */ = {isa = PBXBuildFile; fileRef = D5B6A06421D7A81E007800F5 /* Section.m */; };
		D5B6A06821D7A8D0007800F5 /* SectionRow.m in Sources */ = {isa = PBXBuildFile; fileRef = D5B6A06721D7A8D0007800F5 /* SectionRow.m */; };
		D5C31A4921D2070800FE38D1 /* AppDelegate.m in Sources */ = {isa = PBXBuildFile; fileRef = D5C31A4821D2070800FE38D1 /* AppDelegate.m */; };
		D5C31A4F21D2070800FE38D1 /* Main.storyboard in Resources */ = {isa = PBXBuildFile; fileRef = D5C31A4D21D2070800FE38D1 /* Main.storyboard */; };
		D5C31A5121D2070A00FE38D1 /* Assets.xcassets in Resources */ = {isa = PBXBuildFile; fileRef = D5C31A5021D2070A00FE38D1 /* Assets.xcassets */; };
		D5C31A5421D2070A00FE38D1 /* LaunchScreen.storyboard in Resources */ = {isa = PBXBuildFile; fileRef = D5C31A5221D2070A00FE38D1 /* LaunchScreen.storyboard */; };
		D5C31A5721D2070A00FE38D1 /* main.m in Sources */ = {isa = PBXBuildFile; fileRef = D5C31A5621D2070A00FE38D1 /* main.m */; };
/* End PBXBuildFile section */

/* Begin PBXFileReference section */
		D53378DB21D221D40024D6FE /* WeatherForCitiesTableViewController.h */ = {isa = PBXFileReference; lastKnownFileType = sourcecode.c.h; path = WeatherForCitiesTableViewController.h; sourceTree = "<group>"; };
		D53378DC21D221D40024D6FE /* WeatherForCitiesTableViewController.m */ = {isa = PBXFileReference; lastKnownFileType = sourcecode.c.objc; path = WeatherForCitiesTableViewController.m; sourceTree = "<group>"; };
		D533791821D22DA80024D6FE /* LoadingDataFromServer.h */ = {isa = PBXFileReference; lastKnownFileType = sourcecode.c.h; path = LoadingDataFromServer.h; sourceTree = "<group>"; };
		D533791921D22DA80024D6FE /* LoadingDataFromServer.m */ = {isa = PBXFileReference; lastKnownFileType = sourcecode.c.objc; path = LoadingDataFromServer.m; sourceTree = "<group>"; };
		D533794E21D25F760024D6FE /* WeatherForecastModel.h */ = {isa = PBXFileReference; lastKnownFileType = sourcecode.c.h; path = WeatherForecastModel.h; sourceTree = "<group>"; };
		D533794F21D25F760024D6FE /* WeatherForecastModel.m */ = {isa = PBXFileReference; lastKnownFileType = sourcecode.c.objc; path = WeatherForecastModel.m; sourceTree = "<group>"; };
		D580D82D21D6074700109352 /* WeatherCollectionViewCell.h */ = {isa = PBXFileReference; lastKnownFileType = sourcecode.c.h; path = WeatherCollectionViewCell.h; sourceTree = "<group>"; };
		D580D82E21D6074700109352 /* WeatherCollectionViewCell.m */ = {isa = PBXFileReference; lastKnownFileType = sourcecode.c.objc; path = WeatherCollectionViewCell.m; sourceTree = "<group>"; };
		D580D83621D631A100109352 /* WeatherTableViewCell.h */ = {isa = PBXFileReference; lastKnownFileType = sourcecode.c.h; path = WeatherTableViewCell.h; sourceTree = "<group>"; };
		D580D83721D631A100109352 /* WeatherTableViewCell.m */ = {isa = PBXFileReference; lastKnownFileType = sourcecode.c.objc; path = WeatherTableViewCell.m; sourceTree = "<group>"; };
		D5B6A06321D7A81E007800F5 /* Section.h */ = {isa = PBXFileReference; lastKnownFileType = sourcecode.c.h; path = Section.h; sourceTree = "<group>"; };
		D5B6A06421D7A81E007800F5 /* Section.m */ = {isa = PBXFileReference; lastKnownFileType = sourcecode.c.objc; path = Section.m; sourceTree = "<group>"; };
		D5B6A06621D7A8D0007800F5 /* SectionRow.h */ = {isa = PBXFileReference; lastKnownFileType = sourcecode.c.h; path = SectionRow.h; sourceTree = "<group>"; };
		D5B6A06721D7A8D0007800F5 /* SectionRow.m */ = {isa = PBXFileReference; lastKnownFileType = sourcecode.c.objc; path = SectionRow.m; sourceTree = "<group>"; };
		D5C31A4421D2070800FE38D1 /* WeatherApp.app */ = {isa = PBXFileReference; explicitFileType = wrapper.application; includeInIndex = 0; path = WeatherApp.app; sourceTree = BUILT_PRODUCTS_DIR; };
		D5C31A4721D2070800FE38D1 /* AppDelegate.h */ = {isa = PBXFileReference; lastKnownFileType = sourcecode.c.h; path = AppDelegate.h; sourceTree = "<group>"; };
		D5C31A4821D2070800FE38D1 /* AppDelegate.m */ = {isa = PBXFileReference; lastKnownFileType = sourcecode.c.objc; path = AppDelegate.m; sourceTree = "<group>"; };
		D5C31A4E21D2070800FE38D1 /* Base */ = {isa = PBXFileReference; lastKnownFileType = file.storyboard; name = Base; path = Base.lproj/Main.storyboard; sourceTree = "<group>"; };
		D5C31A5021D2070A00FE38D1 /* Assets.xcassets */ = {isa = PBXFileReference; lastKnownFileType = folder.assetcatalog; path = Assets.xcassets; sourceTree = "<group>"; };
		D5C31A5321D2070A00FE38D1 /* Base */ = {isa = PBXFileReference; lastKnownFileType = file.storyboard; name = Base; path = Base.lproj/LaunchScreen.storyboard; sourceTree = "<group>"; };
		D5C31A5521D2070A00FE38D1 /* Info.plist */ = {isa = PBXFileReference; lastKnownFileType = text.plist.xml; path = Info.plist; sourceTree = "<group>"; };
		D5C31A5621D2070A00FE38D1 /* main.m */ = {isa = PBXFileReference; lastKnownFileType = sourcecode.c.objc; path = main.m; sourceTree = "<group>"; };
/* End PBXFileReference section */

/* Begin PBXFrameworksBuildPhase section */
		D5C31A4121D2070800FE38D1 /* Frameworks */ = {
			isa = PBXFrameworksBuildPhase;
			buildActionMask = 2147483647;
			files = (
			);
			runOnlyForDeploymentPostprocessing = 0;
		};
/* End PBXFrameworksBuildPhase section */

/* Begin PBXGroup section */
		D5C31A3B21D2070800FE38D1 = {
			isa = PBXGroup;
			children = (
				D5C31A4621D2070800FE38D1 /* WeatherApp */,
				D5C31A4521D2070800FE38D1 /* Products */,
			);
			sourceTree = "<group>";
		};
		D5C31A4521D2070800FE38D1 /* Products */ = {
			isa = PBXGroup;
			children = (
				D5C31A4421D2070800FE38D1 /* WeatherApp.app */,
			);
			name = Products;
			sourceTree = "<group>";
		};
		D5C31A4621D2070800FE38D1 /* WeatherApp */ = {
			isa = PBXGroup;
			children = (
				D5C31A6021D2077700FE38D1 /* Config */,
				D5C31A5F21D2075B00FE38D1 /* Model */,
				D5C31A5E21D2073A00FE38D1 /* UI */,
			);
			path = WeatherApp;
			sourceTree = "<group>";
		};
		D5C31A5E21D2073A00FE38D1 /* UI */ = {
			isa = PBXGroup;
			children = (
				D5C31A4D21D2070800FE38D1 /* Main.storyboard */,
				D53378DB21D221D40024D6FE /* WeatherForCitiesTableViewController.h */,
				D53378DC21D221D40024D6FE /* WeatherForCitiesTableViewController.m */,
				D580D83621D631A100109352 /* WeatherTableViewCell.h */,
				D580D83721D631A100109352 /* WeatherTableViewCell.m */,
				D580D82D21D6074700109352 /* WeatherCollectionViewCell.h */,
				D580D82E21D6074700109352 /* WeatherCollectionViewCell.m */,
			);
			name = UI;
			sourceTree = "<group>";
		};
		D5C31A5F21D2075B00FE38D1 /* Model */ = {
			isa = PBXGroup;
			children = (
				D533791821D22DA80024D6FE /* LoadingDataFromServer.h */,
				D533791921D22DA80024D6FE /* LoadingDataFromServer.m */,
				D533794E21D25F760024D6FE /* WeatherForecastModel.h */,
				D533794F21D25F760024D6FE /* WeatherForecastModel.m */,
				D5B6A06321D7A81E007800F5 /* Section.h */,
				D5B6A06421D7A81E007800F5 /* Section.m */,
				D5B6A06621D7A8D0007800F5 /* SectionRow.h */,
				D5B6A06721D7A8D0007800F5 /* SectionRow.m */,
			);
			path = Model;
			sourceTree = "<group>";
		};
		D5C31A6021D2077700FE38D1 /* Config */ = {
			isa = PBXGroup;
			children = (
				D5C31A4721D2070800FE38D1 /* AppDelegate.h */,
				D5C31A4821D2070800FE38D1 /* AppDelegate.m */,
				D5C31A5021D2070A00FE38D1 /* Assets.xcassets */,
				D5C31A5221D2070A00FE38D1 /* LaunchScreen.storyboard */,
				D5C31A5521D2070A00FE38D1 /* Info.plist */,
				D5C31A5621D2070A00FE38D1 /* main.m */,
			);
			name = Config;
			sourceTree = "<group>";
		};
/* End PBXGroup section */

/* Begin PBXNativeTarget section */
		D5C31A4321D2070800FE38D1 /* WeatherApp */ = {
			isa = PBXNativeTarget;
			buildConfigurationList = D5C31A5A21D2070A00FE38D1 /* Build configuration list for PBXNativeTarget "WeatherApp" */;
			buildPhases = (
				D5C31A4021D2070800FE38D1 /* Sources */,
				D5C31A4121D2070800FE38D1 /* Frameworks */,
				D5C31A4221D2070800FE38D1 /* Resources */,
			);
			buildRules = (
			);
			dependencies = (
			);
			name = WeatherApp;
			productName = WeatherApp;
			productReference = D5C31A4421D2070800FE38D1 /* WeatherApp.app */;
			productType = "com.apple.product-type.application";
		};
/* End PBXNativeTarget section */

/* Begin PBXProject section */
		D5C31A3C21D2070800FE38D1 /* Project object */ = {
			isa = PBXProject;
			attributes = {
				LastUpgradeCheck = 1010;
				ORGANIZATIONNAME = Home;
				TargetAttributes = {
					D5C31A4321D2070800FE38D1 = {
						CreatedOnToolsVersion = 10.1;
					};
				};
			};
			buildConfigurationList = D5C31A3F21D2070800FE38D1 /* Build configuration list for PBXProject "WeatherApp" */;
			compatibilityVersion = "Xcode 9.3";
			developmentRegion = en;
			hasScannedForEncodings = 0;
			knownRegions = (
				en,
				Base,
			);
			mainGroup = D5C31A3B21D2070800FE38D1;
			productRefGroup = D5C31A4521D2070800FE38D1 /* Products */;
			projectDirPath = "";
			projectRoot = "";
			targets = (
				D5C31A4321D2070800FE38D1 /* WeatherApp */,
			);
		};
/* End PBXProject section */

/* Begin PBXResourcesBuildPhase section */
		D5C31A4221D2070800FE38D1 /* Resources */ = {
			isa = PBXResourcesBuildPhase;
			buildActionMask = 2147483647;
			files = (
				D5C31A5421D2070A00FE38D1 /* LaunchScreen.storyboard in Resources */,
				D5C31A5121D2070A00FE38D1 /* Assets.xcassets in Resources */,
				D5C31A4F21D2070800FE38D1 /* Main.storyboard in Resources */,
			);
			runOnlyForDeploymentPostprocessing = 0;
		};
/* End PBXResourcesBuildPhase section */

/* Begin PBXSourcesBuildPhase section */
		D5C31A4021D2070800FE38D1 /* Sources */ = {
			isa = PBXSourcesBuildPhase;
			buildActionMask = 2147483647;
			files = (
				D533791A21D22DA80024D6FE /* LoadingDataFromServer.m in Sources */,
				D5C31A5721D2070A00FE38D1 /* main.m in Sources */,
				D580D82F21D6074700109352 /* WeatherCollectionViewCell.m in Sources */,
				D53378DD21D221D40024D6FE /* WeatherForCitiesTableViewController.m in Sources */,
				D5B6A06821D7A8D0007800F5 /* SectionRow.m in Sources */,
				D580D83821D631A100109352 /* WeatherTableViewCell.m in Sources */,
				D5B6A06521D7A81E007800F5 /* Section.m in Sources */,
				D533795021D25F760024D6FE /* WeatherForecastModel.m in Sources */,
				D5C31A4921D2070800FE38D1 /* AppDelegate.m in Sources */,
			);
			runOnlyForDeploymentPostprocessing = 0;
		};
/* End PBXSourcesBuildPhase section */

/* Begin PBXVariantGroup section */
		D5C31A4D21D2070800FE38D1 /* Main.storyboard */ = {
			isa = PBXVariantGroup;
			children = (
				D5C31A4E21D2070800FE38D1 /* Base */,
			);
			name = Main.storyboard;
			sourceTree = "<group>";
		};
		D5C31A5221D2070A00FE38D1 /* LaunchScreen.storyboard */ = {
			isa = PBXVariantGroup;
			children = (
				D5C31A5321D2070A00FE38D1 /* Base */,
			);
			name = LaunchScreen.storyboard;
			sourceTree = "<group>";
		};
/* End PBXVariantGroup section */

/* Begin XCBuildConfiguration section */
		D5C31A5821D2070A00FE38D1 /* Debug */ = {
			isa = XCBuildConfiguration;
			buildSettings = {
				ALWAYS_SEARCH_USER_PATHS = NO;
				CLANG_ANALYZER_NONNULL = YES;
				CLANG_ANALYZER_NUMBER_OBJECT_CONVERSION = YES_AGGRESSIVE;
				CLANG_CXX_LANGUAGE_STANDARD = "gnu++14";
				CLANG_CXX_LIBRARY = "libc++";
				CLANG_ENABLE_MODULES = YES;
				CLANG_ENABLE_OBJC_ARC = YES;
				CLANG_ENABLE_OBJC_WEAK = YES;
				CLANG_WARN_BLOCK_CAPTURE_AUTORELEASING = YES;
				CLANG_WARN_BOOL_CONVERSION = YES;
				CLANG_WARN_COMMA = YES;
				CLANG_WARN_CONSTANT_CONVERSION = YES;
				CLANG_WARN_DEPRECATED_OBJC_IMPLEMENTATIONS = YES;
				CLANG_WARN_DIRECT_OBJC_ISA_USAGE = YES_ERROR;
				CLANG_WARN_DOCUMENTATION_COMMENTS = YES;
				CLANG_WARN_EMPTY_BODY = YES;
				CLANG_WARN_ENUM_CONVERSION = YES;
				CLANG_WARN_INFINITE_RECURSION = YES;
				CLANG_WARN_INT_CONVERSION = YES;
				CLANG_WARN_NON_LITERAL_NULL_CONVERSION = YES;
				CLANG_WARN_OBJC_IMPLICIT_RETAIN_SELF = YES;
				CLANG_WARN_OBJC_LITERAL_CONVERSION = YES;
				CLANG_WARN_OBJC_ROOT_CLASS = YES_ERROR;
				CLANG_WARN_RANGE_LOOP_ANALYSIS = YES;
				CLANG_WARN_STRICT_PROTOTYPES = YES;
				CLANG_WARN_SUSPICIOUS_MOVE = YES;
				CLANG_WARN_UNGUARDED_AVAILABILITY = YES_AGGRESSIVE;
				CLANG_WARN_UNREACHABLE_CODE = YES;
				CLANG_WARN__DUPLICATE_METHOD_MATCH = YES;
				CODE_SIGN_IDENTITY = "iPhone Developer";
				COPY_PHASE_STRIP = NO;
				DEBUG_INFORMATION_FORMAT = dwarf;
				ENABLE_STRICT_OBJC_MSGSEND = YES;
				ENABLE_TESTABILITY = YES;
				GCC_C_LANGUAGE_STANDARD = gnu11;
				GCC_DYNAMIC_NO_PIC = NO;
				GCC_NO_COMMON_BLOCKS = YES;
				GCC_OPTIMIZATION_LEVEL = 0;
				GCC_PREPROCESSOR_DEFINITIONS = (
					"DEBUG=1",
					"$(inherited)",
				);
				GCC_WARN_64_TO_32_BIT_CONVERSION = YES;
				GCC_WARN_ABOUT_RETURN_TYPE = YES_ERROR;
				GCC_WARN_UNDECLARED_SELECTOR = YES;
				GCC_WARN_UNINITIALIZED_AUTOS = YES_AGGRESSIVE;
				GCC_WARN_UNUSED_FUNCTION = YES;
				GCC_WARN_UNUSED_VARIABLE = YES;
				IPHONEOS_DEPLOYMENT_TARGET = 12.1;
				MTL_ENABLE_DEBUG_INFO = INCLUDE_SOURCE;
				MTL_FAST_MATH = YES;
				ONLY_ACTIVE_ARCH = YES;
				SDKROOT = iphoneos;
			};
			name = Debug;
		};
		D5C31A5921D2070A00FE38D1 /* Release */ = {
			isa = XCBuildConfiguration;
			buildSettings = {
				ALWAYS_SEARCH_USER_PATHS = NO;
				CLANG_ANALYZER_NONNULL = YES;
				CLANG_ANALYZER_NUMBER_OBJECT_CONVERSION = YES_AGGRESSIVE;
				CLANG_CXX_LANGUAGE_STANDARD = "gnu++14";
				CLANG_CXX_LIBRARY = "libc++";
				CLANG_ENABLE_MODULES = YES;
				CLANG_ENABLE_OBJC_ARC = YES;
				CLANG_ENABLE_OBJC_WEAK = YES;
				CLANG_WARN_BLOCK_CAPTURE_AUTORELEASING = YES;
				CLANG_WARN_BOOL_CONVERSION = YES;
				CLANG_WARN_COMMA = YES;
				CLANG_WARN_CONSTANT_CONVERSION = YES;
				CLANG_WARN_DEPRECATED_OBJC_IMPLEMENTATIONS = YES;
				CLANG_WARN_DIRECT_OBJC_ISA_USAGE = YES_ERROR;
				CLANG_WARN_DOCUMENTATION_COMMENTS = YES;
				CLANG_WARN_EMPTY_BODY = YES;
				CLANG_WARN_ENUM_CONVERSION = YES;
				CLANG_WARN_INFINITE_RECURSION = YES;
				CLANG_WARN_INT_CONVERSION = YES;
				CLANG_WARN_NON_LITERAL_NULL_CONVERSION = YES;
				CLANG_WARN_OBJC_IMPLICIT_RETAIN_SELF = YES;
				CLANG_WARN_OBJC_LITERAL_CONVERSION = YES;
				CLANG_WARN_OBJC_ROOT_CLASS = YES_ERROR;
				CLANG_WARN_RANGE_LOOP_ANALYSIS = YES;
				CLANG_WARN_STRICT_PROTOTYPES = YES;
				CLANG_WARN_SUSPICIOUS_MOVE = YES;
				CLANG_WARN_UNGUARDED_AVAILABILITY = YES_AGGRESSIVE;
				CLANG_WARN_UNREACHABLE_CODE = YES;
				CLANG_WARN__DUPLICATE_METHOD_MATCH = YES;
				CODE_SIGN_IDENTITY = "iPhone Developer";
				COPY_PHASE_STRIP = NO;
				DEBUG_INFORMATION_FORMAT = "dwarf-with-dsym";
				ENABLE_NS_ASSERTIONS = NO;
				ENABLE_STRICT_OBJC_MSGSEND = YES;
				GCC_C_LANGUAGE_STANDARD = gnu11;
				GCC_NO_COMMON_BLOCKS = YES;
				GCC_WARN_64_TO_32_BIT_CONVERSION = YES;
				GCC_WARN_ABOUT_RETURN_TYPE = YES_ERROR;
				GCC_WARN_UNDECLARED_SELECTOR = YES;
				GCC_WARN_UNINITIALIZED_AUTOS = YES_AGGRESSIVE;
				GCC_WARN_UNUSED_FUNCTION = YES;
				GCC_WARN_UNUSED_VARIABLE = YES;
				IPHONEOS_DEPLOYMENT_TARGET = 12.1;
				MTL_ENABLE_DEBUG_INFO = NO;
				MTL_FAST_MATH = YES;
				SDKROOT = iphoneos;
				VALIDATE_PRODUCT = YES;
			};
			name = Release;
		};
		D5C31A5B21D2070A00FE38D1 /* Debug */ = {
			isa = XCBuildConfiguration;
			buildSettings = {
				ASSETCATALOG_COMPILER_APPICON_NAME = AppIcon;
				CODE_SIGN_STYLE = Automatic;
				INFOPLIST_FILE = WeatherApp/Info.plist;
				LD_RUNPATH_SEARCH_PATHS = (
					"$(inherited)",
					"@executable_path/Frameworks",
				);
				PRODUCT_BUNDLE_IDENTIFIER = Home.WeatherApp;
				PRODUCT_NAME = "$(TARGET_NAME)";
				TARGETED_DEVICE_FAMILY = "1,2";
			};
			name = Debug;
		};
		D5C31A5C21D2070A00FE38D1 /* Release */ = {
			isa = XCBuildConfiguration;
			buildSettings = {
				ASSETCATALOG_COMPILER_APPICON_NAME = AppIcon;
				CODE_SIGN_STYLE = Automatic;
				INFOPLIST_FILE = WeatherApp/Info.plist;
				LD_RUNPATH_SEARCH_PATHS = (
					"$(inherited)",
					"@executable_path/Frameworks",
				);
				PRODUCT_BUNDLE_IDENTIFIER = Home.WeatherApp;
				PRODUCT_NAME = "$(TARGET_NAME)";
				TARGETED_DEVICE_FAMILY = "1,2";
			};
			name = Release;
		};
/* End XCBuildConfiguration section */

/* Begin XCConfigurationList section */
		D5C31A3F21D2070800FE38D1 /* Build configuration list for PBXProject "WeatherApp" */ = {
			isa = XCConfigurationList;
			buildConfigurations = (
				D5C31A5821D2070A00FE38D1 /* Debug */,
				D5C31A5921D2070A00FE38D1 /* Release */,
			);
			defaultConfigurationIsVisible = 0;
			defaultConfigurationName = Release;
		};
		D5C31A5A21D2070A00FE38D1 /* Build configuration list for PBXNativeTarget "WeatherApp" */ = {
			isa = XCConfigurationList;
			buildConfigurations = (
				D5C31A5B21D2070A00FE38D1 /* Debug */,
				D5C31A5C21D2070A00FE38D1 /* Release */,
			);
			defaultConfigurationIsVisible = 0;
			defaultConfigurationName = Release;
		};
/* End XCConfigurationList section */
	};
	rootObject = D5C31A3C21D2070800FE38D1 /* Project object */;
}
